
Microsoft Visual Studio Solution File, Format Version 12.00
# Visual Studio Version 16
VisualStudioVersion = 16.0.29911.84
MinimumVisualStudioVersion = 10.0.40219.1
Project("{FAE04EC0-301F-11D3-BF4B-00C04F79EFBC}") = "TopSecret.CLI", "TopSecret.CLI\TopSecret.CLI.csproj", "{23BD5213-E842-4741-ACCE-1000DD7C079F}"
EndProject
Global
	GlobalSection(SolutionConfigurationPlatforms) = preSolution
		Debug|Any CPU = Debug|Any CPU
		Release|Any CPU = Release|Any CPU
	EndGlobalSection
	GlobalSection(ProjectConfigurationPlatforms) = postSolution
		{23BD5213-E842-4741-ACCE-1000DD7C079F}.Debug|Any CPU.ActiveCfg = Debug|Any CPU
		{23BD5213-E842-4741-ACCE-1000DD7C079F}.Debug|Any CPU.Build.0 = Debug|Any CPU
		{23BD5213-E842-4741-ACCE-1000DD7C079F}.Release|Any CPU.ActiveCfg = Release|Any CPU
		{23BD5213-E842-4741-ACCE-1000DD7C079F}.Release|Any CPU.Build.0 = Release|Any CPU
	EndGlobalSection
	GlobalSection(SolutionProperties) = preSolution
		HideSolutionNode = FALSE
	EndGlobalSection
	GlobalSection(ExtensibilityGlobals) = postSolution
		SolutionGuid = {2CE7279F-12C2-4436-83B5-93C468D08C73}
	EndGlobalSection
EndGlobal
